// !$*UTF8*$!
{
	archiveVersion = 1;
	classes = {
	};
	objectVersion = 56;
	objects = {

/* Begin PBXBuildFile section */
		CA20A43E2BDFAA2200C651CD /* PlacesError.swift in Sources */ = {isa = PBXBuildFile; fileRef = CA20A43D2BDFAA2200C651CD /* PlacesError.swift */; };
		CA20A4422BDFAA6800C651CD /* PlacesRepositoryImp.swift in Sources */ = {isa = PBXBuildFile; fileRef = CA20A4412BDFAA6800C651CD /* PlacesRepositoryImp.swift */; };
		CA20A4452BDFAA9F00C651CD /* PreferredDestinationUseCase.swift in Sources */ = {isa = PBXBuildFile; fileRef = CA20A4442BDFAA9F00C651CD /* PreferredDestinationUseCase.swift */; };
		CA20A4472BDFABF000C651CD /* GetPlacesUseCaseImpTests.swift in Sources */ = {isa = PBXBuildFile; fileRef = CA20A4462BDFABF000C651CD /* GetPlacesUseCaseImpTests.swift */; };
		CA20A4492BDFB18400C651CD /* GetPlacesUseCaseImp.swift in Sources */ = {isa = PBXBuildFile; fileRef = CA20A4482BDFB18400C651CD /* GetPlacesUseCaseImp.swift */; };
		CA20A44B2BDFB26C00C651CD /* MockGetPlacesUseCase.swift in Sources */ = {isa = PBXBuildFile; fileRef = CA20A44A2BDFB26C00C651CD /* MockGetPlacesUseCase.swift */; };
		CA20A44D2BDFB6C200C651CD /* Decoding.swift in Sources */ = {isa = PBXBuildFile; fileRef = CA20A44C2BDFB6C200C651CD /* Decoding.swift */; };
		CA20A44F2BDFB6E800C651CD /* NetworkManagerImp.swift in Sources */ = {isa = PBXBuildFile; fileRef = CA20A44E2BDFB6E800C651CD /* NetworkManagerImp.swift */; };
		CA20A4562BDFB78F00C651CD /* Request.swift in Sources */ = {isa = PBXBuildFile; fileRef = CA20A4552BDFB78F00C651CD /* Request.swift */; };
		CA20A4582BDFB7A000C651CD /* Errors.swift in Sources */ = {isa = PBXBuildFile; fileRef = CA20A4572BDFB7A000C651CD /* Errors.swift */; };
		CA20A45A2BDFB88800C651CD /* NetworkManager.swift in Sources */ = {isa = PBXBuildFile; fileRef = CA20A4592BDFB88800C651CD /* NetworkManager.swift */; };
		CA20A4602BDFE39E00C651CD /* PlacesRepositoryImpTests.swift in Sources */ = {isa = PBXBuildFile; fileRef = CA20A45F2BDFE39E00C651CD /* PlacesRepositoryImpTests.swift */; };
		CA20A4622BDFEA0200C651CD /* places.json in Resources */ = {isa = PBXBuildFile; fileRef = CA20A4612BDFEA0200C651CD /* places.json */; };
		CA20A4642BDFEEB600C651CD /* Helpers.swift in Sources */ = {isa = PBXBuildFile; fileRef = CA20A4632BDFEEB600C651CD /* Helpers.swift */; };
		CA20A4672BDFEED500C651CD /* MockNetworkManager.swift in Sources */ = {isa = PBXBuildFile; fileRef = CA20A4662BDFEED500C651CD /* MockNetworkManager.swift */; };
		CA20A4692BDFEF0A00C651CD /* MockDecoding.swift in Sources */ = {isa = PBXBuildFile; fileRef = CA20A4682BDFEF0A00C651CD /* MockDecoding.swift */; };
		CA20A46B2BDFF04700C651CD /* GetPlacesRequest.swift in Sources */ = {isa = PBXBuildFile; fileRef = CA20A46A2BDFF04700C651CD /* GetPlacesRequest.swift */; };
		CA20A46D2BDFF06000C651CD /* PlacesResponse.swift in Sources */ = {isa = PBXBuildFile; fileRef = CA20A46C2BDFF06000C651CD /* PlacesResponse.swift */; };
		CA20A4702BE019BB00C651CD /* TitledTextField.swift in Sources */ = {isa = PBXBuildFile; fileRef = CA20A46F2BE019BB00C651CD /* TitledTextField.swift */; };
		CA20A4722BE01A9200C651CD /* CustomPlaceView.swift in Sources */ = {isa = PBXBuildFile; fileRef = CA20A4712BE01A9200C651CD /* CustomPlaceView.swift */; };
		CA20A4752BE028C100C651CD /* VerifyLocationUseCaseImpTests.swift in Sources */ = {isa = PBXBuildFile; fileRef = CA20A4742BE028C100C651CD /* VerifyLocationUseCaseImpTests.swift */; };
		CA20A4772BE02D9E00C651CD /* Double+UserDefined.swift in Sources */ = {isa = PBXBuildFile; fileRef = CA20A4762BE02D9E00C651CD /* Double+UserDefined.swift */; };
		CA54FBB82BDD9B3100E02F31 /* PlacesInteractor.swift in Sources */ = {isa = PBXBuildFile; fileRef = CA54FBB72BDD9B3100E02F31 /* PlacesInteractor.swift */; };
		CA54FBBA2BDD9B6400E02F31 /* PlacesPresenter.swift in Sources */ = {isa = PBXBuildFile; fileRef = CA54FBB92BDD9B6400E02F31 /* PlacesPresenter.swift */; };
		CA54FBBC2BDD9B9A00E02F31 /* PlacesRepository.swift in Sources */ = {isa = PBXBuildFile; fileRef = CA54FBBB2BDD9B9A00E02F31 /* PlacesRepository.swift */; };
		CA54FBBF2BDD9BC700E02F31 /* Place.swift in Sources */ = {isa = PBXBuildFile; fileRef = CA54FBBE2BDD9BC700E02F31 /* Place.swift */; };
		CA54FBC12BDD9C1E00E02F31 /* Place+Stubs.swift in Sources */ = {isa = PBXBuildFile; fileRef = CA54FBC02BDD9C1E00E02F31 /* Place+Stubs.swift */; };
		CA54FBC42BDD9C8300E02F31 /* MockPlacesPresenter.swift in Sources */ = {isa = PBXBuildFile; fileRef = CA54FBC32BDD9C8300E02F31 /* MockPlacesPresenter.swift */; };
		CA54FBC72BDD9CC200E02F31 /* TestError.swift in Sources */ = {isa = PBXBuildFile; fileRef = CA54FBC62BDD9CC200E02F31 /* TestError.swift */; };
		CA54FBC92BDD9D1D00E02F31 /* MockPlacesRepository.swift in Sources */ = {isa = PBXBuildFile; fileRef = CA54FBC82BDD9D1D00E02F31 /* MockPlacesRepository.swift */; };
		CA54FBCF2BDDA7A700E02F31 /* PlacesView.swift in Sources */ = {isa = PBXBuildFile; fileRef = CA54FBCE2BDDA7A700E02F31 /* PlacesView.swift */; };
		CA54FBD22BDDABB700E02F31 /* PlacesList.swift in Sources */ = {isa = PBXBuildFile; fileRef = CA54FBD12BDDABB700E02F31 /* PlacesList.swift */; };
		CA8EB7992BDD876A00A41A95 /* PlacesInteractorImpTests.swift in Sources */ = {isa = PBXBuildFile; fileRef = CA8EB7982BDD876A00A41A95 /* PlacesInteractorImpTests.swift */; };
		CAB0EAD12BDD80FA00FD0367 /* FlyMeToApp.swift in Sources */ = {isa = PBXBuildFile; fileRef = CAB0EAD02BDD80FA00FD0367 /* FlyMeToApp.swift */; };
		CAB0EAD32BDD80FA00FD0367 /* ContentView.swift in Sources */ = {isa = PBXBuildFile; fileRef = CAB0EAD22BDD80FA00FD0367 /* ContentView.swift */; };
		CAB0EAD52BDD80FD00FD0367 /* Assets.xcassets in Resources */ = {isa = PBXBuildFile; fileRef = CAB0EAD42BDD80FD00FD0367 /* Assets.xcassets */; };
		CAB0EAD82BDD80FD00FD0367 /* Preview Assets.xcassets in Resources */ = {isa = PBXBuildFile; fileRef = CAB0EAD72BDD80FD00FD0367 /* Preview Assets.xcassets */; };
/* End PBXBuildFile section */

/* Begin PBXContainerItemProxy section */
		CAB0EADE2BDD80FD00FD0367 /* PBXContainerItemProxy */ = {
			isa = PBXContainerItemProxy;
			containerPortal = CAB0EAC52BDD80FA00FD0367 /* Project object */;
			proxyType = 1;
			remoteGlobalIDString = CAB0EACC2BDD80FA00FD0367;
			remoteInfo = FlyMeTo;
		};
/* End PBXContainerItemProxy section */

/* Begin PBXFileReference section */
		CA20A43D2BDFAA2200C651CD /* PlacesError.swift */ = {isa = PBXFileReference; lastKnownFileType = sourcecode.swift; path = PlacesError.swift; sourceTree = "<group>"; };
		CA20A4412BDFAA6800C651CD /* PlacesRepositoryImp.swift */ = {isa = PBXFileReference; lastKnownFileType = sourcecode.swift; path = PlacesRepositoryImp.swift; sourceTree = "<group>"; };
		CA20A4442BDFAA9F00C651CD /* PreferredDestinationUseCase.swift */ = {isa = PBXFileReference; lastKnownFileType = sourcecode.swift; path = PreferredDestinationUseCase.swift; sourceTree = "<group>"; };
		CA20A4462BDFABF000C651CD /* GetPlacesUseCaseImpTests.swift */ = {isa = PBXFileReference; lastKnownFileType = sourcecode.swift; path = GetPlacesUseCaseImpTests.swift; sourceTree = "<group>"; };
		CA20A4482BDFB18400C651CD /* GetPlacesUseCaseImp.swift */ = {isa = PBXFileReference; lastKnownFileType = sourcecode.swift; path = GetPlacesUseCaseImp.swift; sourceTree = "<group>"; };
		CA20A44A2BDFB26C00C651CD /* MockGetPlacesUseCase.swift */ = {isa = PBXFileReference; lastKnownFileType = sourcecode.swift; path = MockGetPlacesUseCase.swift; sourceTree = "<group>"; };
		CA20A44C2BDFB6C200C651CD /* Decoding.swift */ = {isa = PBXFileReference; lastKnownFileType = sourcecode.swift; path = Decoding.swift; sourceTree = "<group>"; };
		CA20A44E2BDFB6E800C651CD /* NetworkManagerImp.swift */ = {isa = PBXFileReference; lastKnownFileType = sourcecode.swift; path = NetworkManagerImp.swift; sourceTree = "<group>"; };
		CA20A4552BDFB78F00C651CD /* Request.swift */ = {isa = PBXFileReference; lastKnownFileType = sourcecode.swift; path = Request.swift; sourceTree = "<group>"; };
		CA20A4572BDFB7A000C651CD /* Errors.swift */ = {isa = PBXFileReference; lastKnownFileType = sourcecode.swift; path = Errors.swift; sourceTree = "<group>"; };
		CA20A4592BDFB88800C651CD /* NetworkManager.swift */ = {isa = PBXFileReference; lastKnownFileType = sourcecode.swift; path = NetworkManager.swift; sourceTree = "<group>"; };
		CA20A45F2BDFE39E00C651CD /* PlacesRepositoryImpTests.swift */ = {isa = PBXFileReference; lastKnownFileType = sourcecode.swift; path = PlacesRepositoryImpTests.swift; sourceTree = "<group>"; };
		CA20A4612BDFEA0200C651CD /* places.json */ = {isa = PBXFileReference; lastKnownFileType = text.json; path = places.json; sourceTree = "<group>"; };
		CA20A4632BDFEEB600C651CD /* Helpers.swift */ = {isa = PBXFileReference; lastKnownFileType = sourcecode.swift; path = Helpers.swift; sourceTree = "<group>"; };
		CA20A4662BDFEED500C651CD /* MockNetworkManager.swift */ = {isa = PBXFileReference; lastKnownFileType = sourcecode.swift; path = MockNetworkManager.swift; sourceTree = "<group>"; };
		CA20A4682BDFEF0A00C651CD /* MockDecoding.swift */ = {isa = PBXFileReference; lastKnownFileType = sourcecode.swift; path = MockDecoding.swift; sourceTree = "<group>"; };
		CA20A46A2BDFF04700C651CD /* GetPlacesRequest.swift */ = {isa = PBXFileReference; lastKnownFileType = sourcecode.swift; path = GetPlacesRequest.swift; sourceTree = "<group>"; };
		CA20A46C2BDFF06000C651CD /* PlacesResponse.swift */ = {isa = PBXFileReference; lastKnownFileType = sourcecode.swift; path = PlacesResponse.swift; sourceTree = "<group>"; };
		CA20A46F2BE019BB00C651CD /* TitledTextField.swift */ = {isa = PBXFileReference; lastKnownFileType = sourcecode.swift; path = TitledTextField.swift; sourceTree = "<group>"; };
		CA20A4712BE01A9200C651CD /* CustomPlaceView.swift */ = {isa = PBXFileReference; lastKnownFileType = sourcecode.swift; path = CustomPlaceView.swift; sourceTree = "<group>"; };
		CA20A4742BE028C100C651CD /* VerifyLocationUseCaseImpTests.swift */ = {isa = PBXFileReference; lastKnownFileType = sourcecode.swift; path = VerifyLocationUseCaseImpTests.swift; sourceTree = "<group>"; };
		CA20A4762BE02D9E00C651CD /* Double+UserDefined.swift */ = {isa = PBXFileReference; lastKnownFileType = sourcecode.swift; path = "Double+UserDefined.swift"; sourceTree = "<group>"; };
		CA54FBB72BDD9B3100E02F31 /* PlacesInteractor.swift */ = {isa = PBXFileReference; lastKnownFileType = sourcecode.swift; path = PlacesInteractor.swift; sourceTree = "<group>"; };
		CA54FBB92BDD9B6400E02F31 /* PlacesPresenter.swift */ = {isa = PBXFileReference; lastKnownFileType = sourcecode.swift; path = PlacesPresenter.swift; sourceTree = "<group>"; };
		CA54FBBB2BDD9B9A00E02F31 /* PlacesRepository.swift */ = {isa = PBXFileReference; lastKnownFileType = sourcecode.swift; path = PlacesRepository.swift; sourceTree = "<group>"; };
		CA54FBBE2BDD9BC700E02F31 /* Place.swift */ = {isa = PBXFileReference; lastKnownFileType = sourcecode.swift; path = Place.swift; sourceTree = "<group>"; };
		CA54FBC02BDD9C1E00E02F31 /* Place+Stubs.swift */ = {isa = PBXFileReference; lastKnownFileType = sourcecode.swift; path = "Place+Stubs.swift"; sourceTree = "<group>"; };
		CA54FBC32BDD9C8300E02F31 /* MockPlacesPresenter.swift */ = {isa = PBXFileReference; lastKnownFileType = sourcecode.swift; path = MockPlacesPresenter.swift; sourceTree = "<group>"; };
		CA54FBC62BDD9CC200E02F31 /* TestError.swift */ = {isa = PBXFileReference; lastKnownFileType = sourcecode.swift; path = TestError.swift; sourceTree = "<group>"; };
		CA54FBC82BDD9D1D00E02F31 /* MockPlacesRepository.swift */ = {isa = PBXFileReference; lastKnownFileType = sourcecode.swift; path = MockPlacesRepository.swift; sourceTree = "<group>"; };
		CA54FBCE2BDDA7A700E02F31 /* PlacesView.swift */ = {isa = PBXFileReference; lastKnownFileType = sourcecode.swift; path = PlacesView.swift; sourceTree = "<group>"; };
		CA54FBD12BDDABB700E02F31 /* PlacesList.swift */ = {isa = PBXFileReference; lastKnownFileType = sourcecode.swift; path = PlacesList.swift; sourceTree = "<group>"; };
		CA8EB78E2BDD85D600A41A95 /* FlyMeTo.xctestplan */ = {isa = PBXFileReference; lastKnownFileType = text; path = FlyMeTo.xctestplan; sourceTree = "<group>"; };
		CA8EB7952BDD873800A41A95 /* FlyMeToTests-Bridging-Header.h */ = {isa = PBXFileReference; lastKnownFileType = sourcecode.c.h; path = "FlyMeToTests-Bridging-Header.h"; sourceTree = "<group>"; };
		CA8EB7982BDD876A00A41A95 /* PlacesInteractorImpTests.swift */ = {isa = PBXFileReference; lastKnownFileType = sourcecode.swift; path = PlacesInteractorImpTests.swift; sourceTree = "<group>"; };
		CAB0EACD2BDD80FA00FD0367 /* FlyMeTo.app */ = {isa = PBXFileReference; explicitFileType = wrapper.application; includeInIndex = 0; path = FlyMeTo.app; sourceTree = BUILT_PRODUCTS_DIR; };
		CAB0EAD02BDD80FA00FD0367 /* FlyMeToApp.swift */ = {isa = PBXFileReference; lastKnownFileType = sourcecode.swift; path = FlyMeToApp.swift; sourceTree = "<group>"; };
		CAB0EAD22BDD80FA00FD0367 /* ContentView.swift */ = {isa = PBXFileReference; lastKnownFileType = sourcecode.swift; path = ContentView.swift; sourceTree = "<group>"; };
		CAB0EAD42BDD80FD00FD0367 /* Assets.xcassets */ = {isa = PBXFileReference; lastKnownFileType = folder.assetcatalog; path = Assets.xcassets; sourceTree = "<group>"; };
		CAB0EAD72BDD80FD00FD0367 /* Preview Assets.xcassets */ = {isa = PBXFileReference; lastKnownFileType = folder.assetcatalog; path = "Preview Assets.xcassets"; sourceTree = "<group>"; };
		CAB0EADD2BDD80FD00FD0367 /* FlyMeToTests.xctest */ = {isa = PBXFileReference; explicitFileType = wrapper.cfbundle; includeInIndex = 0; path = FlyMeToTests.xctest; sourceTree = BUILT_PRODUCTS_DIR; };
/* End PBXFileReference section */

/* Begin PBXFrameworksBuildPhase section */
		CAB0EACA2BDD80FA00FD0367 /* Frameworks */ = {
			isa = PBXFrameworksBuildPhase;
			buildActionMask = 2147483647;
			files = (
			);
			runOnlyForDeploymentPostprocessing = 0;
		};
		CAB0EADA2BDD80FD00FD0367 /* Frameworks */ = {
			isa = PBXFrameworksBuildPhase;
			buildActionMask = 2147483647;
			files = (
			);
			runOnlyForDeploymentPostprocessing = 0;
		};
/* End PBXFrameworksBuildPhase section */

/* Begin PBXGroup section */
		CA20A43F2BDFAA3E00C651CD /* Repository */ = {
			isa = PBXGroup;
			children = (
				CA20A45B2BDFB8C700C651CD /* Places */,
				CA20A45C2BDFB8DC00C651CD /* Shared */,
			);
			path = Repository;
			sourceTree = "<group>";
		};
		CA20A4432BDFAA8D00C651CD /* Use Cases */ = {
			isa = PBXGroup;
			children = (
				CA20A4442BDFAA9F00C651CD /* PreferredDestinationUseCase.swift */,
				CA20A4482BDFB18400C651CD /* GetPlacesUseCaseImp.swift */,
			);
			path = "Use Cases";
			sourceTree = "<group>";
		};
		CA20A4502BDFB71400C651CD /* Network */ = {
			isa = PBXGroup;
			children = (
				CA20A44E2BDFB6E800C651CD /* NetworkManagerImp.swift */,
			);
			path = Network;
			sourceTree = "<group>";
		};
		CA20A45B2BDFB8C700C651CD /* Places */ = {
			isa = PBXGroup;
			children = (
				CA20A46A2BDFF04700C651CD /* GetPlacesRequest.swift */,
				CA20A4412BDFAA6800C651CD /* PlacesRepositoryImp.swift */,
				CA20A46C2BDFF06000C651CD /* PlacesResponse.swift */,
			);
			path = Places;
			sourceTree = "<group>";
		};
		CA20A45C2BDFB8DC00C651CD /* Shared */ = {
			isa = PBXGroup;
			children = (
				CA20A44C2BDFB6C200C651CD /* Decoding.swift */,
				CA20A4572BDFB7A000C651CD /* Errors.swift */,
				CA20A4592BDFB88800C651CD /* NetworkManager.swift */,
				CA20A4552BDFB78F00C651CD /* Request.swift */,
			);
			path = Shared;
			sourceTree = "<group>";
		};
		CA20A45D2BDFE38900C651CD /* Repository */ = {
			isa = PBXGroup;
			children = (
				CA20A4652BDFEECD00C651CD /* Mock */,
				CA20A45E2BDFE39100C651CD /* Places */,
			);
			path = Repository;
			sourceTree = "<group>";
		};
		CA20A45E2BDFE39100C651CD /* Places */ = {
			isa = PBXGroup;
			children = (
				CA20A45F2BDFE39E00C651CD /* PlacesRepositoryImpTests.swift */,
			);
			path = Places;
			sourceTree = "<group>";
		};
		CA20A4652BDFEECD00C651CD /* Mock */ = {
			isa = PBXGroup;
			children = (
				CA20A4662BDFEED500C651CD /* MockNetworkManager.swift */,
				CA20A4682BDFEF0A00C651CD /* MockDecoding.swift */,
			);
			path = Mock;
			sourceTree = "<group>";
		};
		CA20A46E2BE019B100C651CD /* Shared */ = {
			isa = PBXGroup;
			children = (
				CA20A46F2BE019BB00C651CD /* TitledTextField.swift */,
			);
			path = Shared;
			sourceTree = "<group>";
		};
		CA20A4732BE01B4000C651CD /* Places */ = {
			isa = PBXGroup;
			children = (
				CA54FBCE2BDDA7A700E02F31 /* PlacesView.swift */,
				CA54FBD12BDDABB700E02F31 /* PlacesList.swift */,
				CA20A4712BE01A9200C651CD /* CustomPlaceView.swift */,
			);
			path = Places;
			sourceTree = "<group>";
		};
		CA54FBB62BDD9B2300E02F31 /* Places */ = {
			isa = PBXGroup;
			children = (
				CA20A4432BDFAA8D00C651CD /* Use Cases */,
				CA54FBB72BDD9B3100E02F31 /* PlacesInteractor.swift */,
				CA54FBBB2BDD9B9A00E02F31 /* PlacesRepository.swift */,
				CA54FBB92BDD9B6400E02F31 /* PlacesPresenter.swift */,
			);
			path = Places;
			sourceTree = "<group>";
		};
		CA54FBBD2BDD9BBB00E02F31 /* Entities */ = {
			isa = PBXGroup;
			children = (
				CA54FBBE2BDD9BC700E02F31 /* Place.swift */,
				CA20A43D2BDFAA2200C651CD /* PlacesError.swift */,
				CA20A4762BE02D9E00C651CD /* Double+UserDefined.swift */,
			);
			path = Entities;
			sourceTree = "<group>";
		};
		CA54FBC22BDD9C7B00E02F31 /* Mock */ = {
			isa = PBXGroup;
			children = (
				CA54FBC32BDD9C8300E02F31 /* MockPlacesPresenter.swift */,
				CA54FBC82BDD9D1D00E02F31 /* MockPlacesRepository.swift */,
				CA20A44A2BDFB26C00C651CD /* MockGetPlacesUseCase.swift */,
			);
			path = Mock;
			sourceTree = "<group>";
		};
		CA54FBC52BDD9CAF00E02F31 /* Utils */ = {
			isa = PBXGroup;
			children = (
				CA54FBC62BDD9CC200E02F31 /* TestError.swift */,
				CA20A4632BDFEEB600C651CD /* Helpers.swift */,
			);
			path = Utils;
			sourceTree = "<group>";
		};
		CA54FBD02BDDABA600E02F31 /* View */ = {
			isa = PBXGroup;
			children = (
				CA20A4732BE01B4000C651CD /* Places */,
				CA20A46E2BE019B100C651CD /* Shared */,
			);
			path = View;
			sourceTree = "<group>";
		};
		CA8EB78F2BDD861C00A41A95 /* iOS */ = {
			isa = PBXGroup;
			children = (
				CAB0EAD22BDD80FA00FD0367 /* ContentView.swift */,
				CAB0EAD02BDD80FA00FD0367 /* FlyMeToApp.swift */,
				CAB0EAD62BDD80FD00FD0367 /* Preview Content */,
				CA8EB7902BDD864700A41A95 /* Resources */,
			);
			path = iOS;
			sourceTree = "<group>";
		};
		CA8EB7902BDD864700A41A95 /* Resources */ = {
			isa = PBXGroup;
			children = (
				CAB0EAD42BDD80FD00FD0367 /* Assets.xcassets */,
			);
			path = Resources;
			sourceTree = "<group>";
		};
		CA8EB7942BDD872300A41A95 /* Places */ = {
			isa = PBXGroup;
			children = (
				CA54FBC22BDD9C7B00E02F31 /* Mock */,
				CA8EB7982BDD876A00A41A95 /* PlacesInteractorImpTests.swift */,
				CA20A4462BDFABF000C651CD /* GetPlacesUseCaseImpTests.swift */,
				CA20A4742BE028C100C651CD /* VerifyLocationUseCaseImpTests.swift */,
			);
			path = Places;
			sourceTree = "<group>";
		};
		CAB0EAC42BDD80FA00FD0367 = {
			isa = PBXGroup;
			children = (
				CA8EB78E2BDD85D600A41A95 /* FlyMeTo.xctestplan */,
				CAB0EACF2BDD80FA00FD0367 /* FlyMeTo */,
				CAB0EAE02BDD80FD00FD0367 /* FlyMeToTests */,
				CAB0EACE2BDD80FA00FD0367 /* Products */,
			);
			sourceTree = "<group>";
		};
		CAB0EACE2BDD80FA00FD0367 /* Products */ = {
			isa = PBXGroup;
			children = (
				CAB0EACD2BDD80FA00FD0367 /* FlyMeTo.app */,
				CAB0EADD2BDD80FD00FD0367 /* FlyMeToTests.xctest */,
			);
			name = Products;
			sourceTree = "<group>";
		};
		CAB0EACF2BDD80FA00FD0367 /* FlyMeTo */ = {
			isa = PBXGroup;
			children = (
				CA20A4502BDFB71400C651CD /* Network */,
				CA20A43F2BDFAA3E00C651CD /* Repository */,
				CA54FBBD2BDD9BBB00E02F31 /* Entities */,
				CA54FBB62BDD9B2300E02F31 /* Places */,
				CA8EB78F2BDD861C00A41A95 /* iOS */,
				CA54FBD02BDDABA600E02F31 /* View */,
			);
			path = FlyMeTo;
			sourceTree = "<group>";
		};
		CAB0EAD62BDD80FD00FD0367 /* Preview Content */ = {
			isa = PBXGroup;
			children = (
				CAB0EAD72BDD80FD00FD0367 /* Preview Assets.xcassets */,
				CA54FBC02BDD9C1E00E02F31 /* Place+Stubs.swift */,
			);
			path = "Preview Content";
			sourceTree = "<group>";
		};
		CAB0EAE02BDD80FD00FD0367 /* FlyMeToTests */ = {
			isa = PBXGroup;
			children = (
				CA20A45D2BDFE38900C651CD /* Repository */,
				CA8EB7952BDD873800A41A95 /* FlyMeToTests-Bridging-Header.h */,
				CA8EB7942BDD872300A41A95 /* Places */,
				CA54FBC52BDD9CAF00E02F31 /* Utils */,
				CA20A4612BDFEA0200C651CD /* places.json */,
			);
			path = FlyMeToTests;
			sourceTree = "<group>";
		};
/* End PBXGroup section */

/* Begin PBXNativeTarget section */
		CAB0EACC2BDD80FA00FD0367 /* FlyMeTo */ = {
			isa = PBXNativeTarget;
			buildConfigurationList = CAB0EAF12BDD80FD00FD0367 /* Build configuration list for PBXNativeTarget "FlyMeTo" */;
			buildPhases = (
				CAB0EAC92BDD80FA00FD0367 /* Sources */,
				CAB0EACA2BDD80FA00FD0367 /* Frameworks */,
				CAB0EACB2BDD80FA00FD0367 /* Resources */,
			);
			buildRules = (
			);
			dependencies = (
			);
			name = FlyMeTo;
			productName = FlyMeTo;
			productReference = CAB0EACD2BDD80FA00FD0367 /* FlyMeTo.app */;
			productType = "com.apple.product-type.application";
		};
		CAB0EADC2BDD80FD00FD0367 /* FlyMeToTests */ = {
			isa = PBXNativeTarget;
			buildConfigurationList = CAB0EAF42BDD80FD00FD0367 /* Build configuration list for PBXNativeTarget "FlyMeToTests" */;
			buildPhases = (
				CAB0EAD92BDD80FD00FD0367 /* Sources */,
				CAB0EADA2BDD80FD00FD0367 /* Frameworks */,
				CAB0EADB2BDD80FD00FD0367 /* Resources */,
			);
			buildRules = (
			);
			dependencies = (
				CAB0EADF2BDD80FD00FD0367 /* PBXTargetDependency */,
			);
			name = FlyMeToTests;
			productName = FlyMeToTests;
			productReference = CAB0EADD2BDD80FD00FD0367 /* FlyMeToTests.xctest */;
			productType = "com.apple.product-type.bundle.unit-test";
		};
/* End PBXNativeTarget section */

/* Begin PBXProject section */
		CAB0EAC52BDD80FA00FD0367 /* Project object */ = {
			isa = PBXProject;
			attributes = {
				BuildIndependentTargetsInParallel = 1;
				LastSwiftUpdateCheck = 1500;
				LastUpgradeCheck = 1500;
				TargetAttributes = {
					CAB0EACC2BDD80FA00FD0367 = {
						CreatedOnToolsVersion = 15.0;
					};
					CAB0EADC2BDD80FD00FD0367 = {
						CreatedOnToolsVersion = 15.0;
						LastSwiftMigration = 1500;
						TestTargetID = CAB0EACC2BDD80FA00FD0367;
					};
				};
			};
			buildConfigurationList = CAB0EAC82BDD80FA00FD0367 /* Build configuration list for PBXProject "FlyMeTo" */;
			compatibilityVersion = "Xcode 14.0";
			developmentRegion = en;
			hasScannedForEncodings = 0;
			knownRegions = (
				en,
				Base,
			);
			mainGroup = CAB0EAC42BDD80FA00FD0367;
			productRefGroup = CAB0EACE2BDD80FA00FD0367 /* Products */;
			projectDirPath = "";
			projectRoot = "";
			targets = (
				CAB0EACC2BDD80FA00FD0367 /* FlyMeTo */,
				CAB0EADC2BDD80FD00FD0367 /* FlyMeToTests */,
			);
		};
/* End PBXProject section */

/* Begin PBXResourcesBuildPhase section */
		CAB0EACB2BDD80FA00FD0367 /* Resources */ = {
			isa = PBXResourcesBuildPhase;
			buildActionMask = 2147483647;
			files = (
				CAB0EAD82BDD80FD00FD0367 /* Preview Assets.xcassets in Resources */,
				CAB0EAD52BDD80FD00FD0367 /* Assets.xcassets in Resources */,
			);
			runOnlyForDeploymentPostprocessing = 0;
		};
		CAB0EADB2BDD80FD00FD0367 /* Resources */ = {
			isa = PBXResourcesBuildPhase;
			buildActionMask = 2147483647;
			files = (
				CA20A4622BDFEA0200C651CD /* places.json in Resources */,
			);
			runOnlyForDeploymentPostprocessing = 0;
		};
/* End PBXResourcesBuildPhase section */

/* Begin PBXSourcesBuildPhase section */
		CAB0EAC92BDD80FA00FD0367 /* Sources */ = {
			isa = PBXSourcesBuildPhase;
			buildActionMask = 2147483647;
			files = (
				CA20A45A2BDFB88800C651CD /* NetworkManager.swift in Sources */,
				CA20A4582BDFB7A000C651CD /* Errors.swift in Sources */,
				CA54FBC12BDD9C1E00E02F31 /* Place+Stubs.swift in Sources */,
				CA20A4562BDFB78F00C651CD /* Request.swift in Sources */,
				CA20A4492BDFB18400C651CD /* GetPlacesUseCaseImp.swift in Sources */,
				CA20A46B2BDFF04700C651CD /* GetPlacesRequest.swift in Sources */,
				CA20A4772BE02D9E00C651CD /* Double+UserDefined.swift in Sources */,
				CA20A46D2BDFF06000C651CD /* PlacesResponse.swift in Sources */,
				CA54FBB82BDD9B3100E02F31 /* PlacesInteractor.swift in Sources */,
				CA20A43E2BDFAA2200C651CD /* PlacesError.swift in Sources */,
				CA20A4422BDFAA6800C651CD /* PlacesRepositoryImp.swift in Sources */,
				CAB0EAD32BDD80FA00FD0367 /* ContentView.swift in Sources */,
				CA20A44D2BDFB6C200C651CD /* Decoding.swift in Sources */,
				CA54FBBA2BDD9B6400E02F31 /* PlacesPresenter.swift in Sources */,
				CA54FBBF2BDD9BC700E02F31 /* Place.swift in Sources */,
				CA54FBBC2BDD9B9A00E02F31 /* PlacesRepository.swift in Sources */,
				CA20A4702BE019BB00C651CD /* TitledTextField.swift in Sources */,
				CA54FBD22BDDABB700E02F31 /* PlacesList.swift in Sources */,
				CA54FBCF2BDDA7A700E02F31 /* PlacesView.swift in Sources */,
				CA20A44F2BDFB6E800C651CD /* NetworkManagerImp.swift in Sources */,
				CA20A4452BDFAA9F00C651CD /* PreferredDestinationUseCase.swift in Sources */,
				CAB0EAD12BDD80FA00FD0367 /* FlyMeToApp.swift in Sources */,
				CA20A4722BE01A9200C651CD /* CustomPlaceView.swift in Sources */,
			);
			runOnlyForDeploymentPostprocessing = 0;
		};
		CAB0EAD92BDD80FD00FD0367 /* Sources */ = {
			isa = PBXSourcesBuildPhase;
			buildActionMask = 2147483647;
			files = (
				CA20A44B2BDFB26C00C651CD /* MockGetPlacesUseCase.swift in Sources */,
				CA20A4472BDFABF000C651CD /* GetPlacesUseCaseImpTests.swift in Sources */,
				CA20A4692BDFEF0A00C651CD /* MockDecoding.swift in Sources */,
				CA20A4752BE028C100C651CD /* VerifyLocationUseCaseImpTests.swift in Sources */,
				CA54FBC72BDD9CC200E02F31 /* TestError.swift in Sources */,
				CA20A4672BDFEED500C651CD /* MockNetworkManager.swift in Sources */,
				CA20A4642BDFEEB600C651CD /* Helpers.swift in Sources */,
				CA54FBC42BDD9C8300E02F31 /* MockPlacesPresenter.swift in Sources */,
				CA8EB7992BDD876A00A41A95 /* PlacesInteractorImpTests.swift in Sources */,
				CA20A4602BDFE39E00C651CD /* PlacesRepositoryImpTests.swift in Sources */,
				CA54FBC92BDD9D1D00E02F31 /* MockPlacesRepository.swift in Sources */,
			);
			runOnlyForDeploymentPostprocessing = 0;
		};
/* End PBXSourcesBuildPhase section */

/* Begin PBXTargetDependency section */
		CAB0EADF2BDD80FD00FD0367 /* PBXTargetDependency */ = {
			isa = PBXTargetDependency;
			target = CAB0EACC2BDD80FA00FD0367 /* FlyMeTo */;
			targetProxy = CAB0EADE2BDD80FD00FD0367 /* PBXContainerItemProxy */;
		};
/* End PBXTargetDependency section */

/* Begin XCBuildConfiguration section */
		CAB0EAEF2BDD80FD00FD0367 /* Debug */ = {
			isa = XCBuildConfiguration;
			buildSettings = {
				ALWAYS_SEARCH_USER_PATHS = NO;
				ASSETCATALOG_COMPILER_GENERATE_SWIFT_ASSET_SYMBOL_EXTENSIONS = YES;
				CLANG_ANALYZER_NONNULL = YES;
				CLANG_ANALYZER_NUMBER_OBJECT_CONVERSION = YES_AGGRESSIVE;
				CLANG_CXX_LANGUAGE_STANDARD = "gnu++20";
				CLANG_ENABLE_MODULES = YES;
				CLANG_ENABLE_OBJC_ARC = YES;
				CLANG_ENABLE_OBJC_WEAK = YES;
				CLANG_WARN_BLOCK_CAPTURE_AUTORELEASING = YES;
				CLANG_WARN_BOOL_CONVERSION = YES;
				CLANG_WARN_COMMA = YES;
				CLANG_WARN_CONSTANT_CONVERSION = YES;
				CLANG_WARN_DEPRECATED_OBJC_IMPLEMENTATIONS = YES;
				CLANG_WARN_DIRECT_OBJC_ISA_USAGE = YES_ERROR;
				CLANG_WARN_DOCUMENTATION_COMMENTS = YES;
				CLANG_WARN_EMPTY_BODY = YES;
				CLANG_WARN_ENUM_CONVERSION = YES;
				CLANG_WARN_INFINITE_RECURSION = YES;
				CLANG_WARN_INT_CONVERSION = YES;
				CLANG_WARN_NON_LITERAL_NULL_CONVERSION = YES;
				CLANG_WARN_OBJC_IMPLICIT_RETAIN_SELF = YES;
				CLANG_WARN_OBJC_LITERAL_CONVERSION = YES;
				CLANG_WARN_OBJC_ROOT_CLASS = YES_ERROR;
				CLANG_WARN_QUOTED_INCLUDE_IN_FRAMEWORK_HEADER = YES;
				CLANG_WARN_RANGE_LOOP_ANALYSIS = YES;
				CLANG_WARN_STRICT_PROTOTYPES = YES;
				CLANG_WARN_SUSPICIOUS_MOVE = YES;
				CLANG_WARN_UNGUARDED_AVAILABILITY = YES_AGGRESSIVE;
				CLANG_WARN_UNREACHABLE_CODE = YES;
				CLANG_WARN__DUPLICATE_METHOD_MATCH = YES;
				COPY_PHASE_STRIP = NO;
				DEBUG_INFORMATION_FORMAT = dwarf;
				ENABLE_STRICT_OBJC_MSGSEND = YES;
				ENABLE_TESTABILITY = YES;
				ENABLE_USER_SCRIPT_SANDBOXING = YES;
				GCC_C_LANGUAGE_STANDARD = gnu17;
				GCC_DYNAMIC_NO_PIC = NO;
				GCC_NO_COMMON_BLOCKS = YES;
				GCC_OPTIMIZATION_LEVEL = 0;
				GCC_PREPROCESSOR_DEFINITIONS = (
					"DEBUG=1",
					"$(inherited)",
				);
				GCC_WARN_64_TO_32_BIT_CONVERSION = YES;
				GCC_WARN_ABOUT_RETURN_TYPE = YES_ERROR;
				GCC_WARN_UNDECLARED_SELECTOR = YES;
				GCC_WARN_UNINITIALIZED_AUTOS = YES_AGGRESSIVE;
				GCC_WARN_UNUSED_FUNCTION = YES;
				GCC_WARN_UNUSED_VARIABLE = YES;
				IPHONEOS_DEPLOYMENT_TARGET = 17.0;
				LOCALIZATION_PREFERS_STRING_CATALOGS = YES;
				MTL_ENABLE_DEBUG_INFO = INCLUDE_SOURCE;
				MTL_FAST_MATH = YES;
				ONLY_ACTIVE_ARCH = YES;
				SDKROOT = iphoneos;
				SWIFT_ACTIVE_COMPILATION_CONDITIONS = "DEBUG $(inherited)";
				SWIFT_OPTIMIZATION_LEVEL = "-Onone";
			};
			name = Debug;
		};
		CAB0EAF02BDD80FD00FD0367 /* Release */ = {
			isa = XCBuildConfiguration;
			buildSettings = {
				ALWAYS_SEARCH_USER_PATHS = NO;
				ASSETCATALOG_COMPILER_GENERATE_SWIFT_ASSET_SYMBOL_EXTENSIONS = YES;
				CLANG_ANALYZER_NONNULL = YES;
				CLANG_ANALYZER_NUMBER_OBJECT_CONVERSION = YES_AGGRESSIVE;
				CLANG_CXX_LANGUAGE_STANDARD = "gnu++20";
				CLANG_ENABLE_MODULES = YES;
				CLANG_ENABLE_OBJC_ARC = YES;
				CLANG_ENABLE_OBJC_WEAK = YES;
				CLANG_WARN_BLOCK_CAPTURE_AUTORELEASING = YES;
				CLANG_WARN_BOOL_CONVERSION = YES;
				CLANG_WARN_COMMA = YES;
				CLANG_WARN_CONSTANT_CONVERSION = YES;
				CLANG_WARN_DEPRECATED_OBJC_IMPLEMENTATIONS = YES;
				CLANG_WARN_DIRECT_OBJC_ISA_USAGE = YES_ERROR;
				CLANG_WARN_DOCUMENTATION_COMMENTS = YES;
				CLANG_WARN_EMPTY_BODY = YES;
				CLANG_WARN_ENUM_CONVERSION = YES;
				CLANG_WARN_INFINITE_RECURSION = YES;
				CLANG_WARN_INT_CONVERSION = YES;
				CLANG_WARN_NON_LITERAL_NULL_CONVERSION = YES;
				CLANG_WARN_OBJC_IMPLICIT_RETAIN_SELF = YES;
				CLANG_WARN_OBJC_LITERAL_CONVERSION = YES;
				CLANG_WARN_OBJC_ROOT_CLASS = YES_ERROR;
				CLANG_WARN_QUOTED_INCLUDE_IN_FRAMEWORK_HEADER = YES;
				CLANG_WARN_RANGE_LOOP_ANALYSIS = YES;
				CLANG_WARN_STRICT_PROTOTYPES = YES;
				CLANG_WARN_SUSPICIOUS_MOVE = YES;
				CLANG_WARN_UNGUARDED_AVAILABILITY = YES_AGGRESSIVE;
				CLANG_WARN_UNREACHABLE_CODE = YES;
				CLANG_WARN__DUPLICATE_METHOD_MATCH = YES;
				COPY_PHASE_STRIP = NO;
				DEBUG_INFORMATION_FORMAT = "dwarf-with-dsym";
				ENABLE_NS_ASSERTIONS = NO;
				ENABLE_STRICT_OBJC_MSGSEND = YES;
				ENABLE_USER_SCRIPT_SANDBOXING = YES;
				GCC_C_LANGUAGE_STANDARD = gnu17;
				GCC_NO_COMMON_BLOCKS = YES;
				GCC_WARN_64_TO_32_BIT_CONVERSION = YES;
				GCC_WARN_ABOUT_RETURN_TYPE = YES_ERROR;
				GCC_WARN_UNDECLARED_SELECTOR = YES;
				GCC_WARN_UNINITIALIZED_AUTOS = YES_AGGRESSIVE;
				GCC_WARN_UNUSED_FUNCTION = YES;
				GCC_WARN_UNUSED_VARIABLE = YES;
				IPHONEOS_DEPLOYMENT_TARGET = 17.0;
				LOCALIZATION_PREFERS_STRING_CATALOGS = YES;
				MTL_ENABLE_DEBUG_INFO = NO;
				MTL_FAST_MATH = YES;
				SDKROOT = iphoneos;
				SWIFT_COMPILATION_MODE = wholemodule;
				VALIDATE_PRODUCT = YES;
			};
			name = Release;
		};
		CAB0EAF22BDD80FD00FD0367 /* Debug */ = {
			isa = XCBuildConfiguration;
			buildSettings = {
				ASSETCATALOG_COMPILER_APPICON_NAME = AppIcon;
				ASSETCATALOG_COMPILER_GLOBAL_ACCENT_COLOR_NAME = AccentColor;
				CODE_SIGN_STYLE = Automatic;
				CURRENT_PROJECT_VERSION = 1;
				DEVELOPMENT_ASSET_PATHS = "\"FlyMeTo/iOS/Preview Content\"";
				DEVELOPMENT_TEAM = 4VYX3TZ9R9;
				ENABLE_PREVIEWS = YES;
				GENERATE_INFOPLIST_FILE = YES;
				INFOPLIST_KEY_UIApplicationSceneManifest_Generation = YES;
				INFOPLIST_KEY_UIApplicationSupportsIndirectInputEvents = YES;
				INFOPLIST_KEY_UILaunchScreen_Generation = YES;
				INFOPLIST_KEY_UISupportedInterfaceOrientations_iPad = "UIInterfaceOrientationPortrait UIInterfaceOrientationPortraitUpsideDown UIInterfaceOrientationLandscapeLeft UIInterfaceOrientationLandscapeRight";
				INFOPLIST_KEY_UISupportedInterfaceOrientations_iPhone = "UIInterfaceOrientationPortrait UIInterfaceOrientationLandscapeLeft UIInterfaceOrientationLandscapeRight";
				LD_RUNPATH_SEARCH_PATHS = (
					"$(inherited)",
					"@executable_path/Frameworks",
				);
				MARKETING_VERSION = 1.0;
				PRODUCT_BUNDLE_IDENTIFIER = com.kutaydemireren.FlyMeTo;
				PRODUCT_NAME = "$(TARGET_NAME)";
				SWIFT_EMIT_LOC_STRINGS = YES;
				SWIFT_VERSION = 5.0;
				TARGETED_DEVICE_FAMILY = "1,2";
			};
			name = Debug;
		};
		CAB0EAF32BDD80FD00FD0367 /* Release */ = {
			isa = XCBuildConfiguration;
			buildSettings = {
				ASSETCATALOG_COMPILER_APPICON_NAME = AppIcon;
				ASSETCATALOG_COMPILER_GLOBAL_ACCENT_COLOR_NAME = AccentColor;
				CODE_SIGN_STYLE = Automatic;
				CURRENT_PROJECT_VERSION = 1;
				DEVELOPMENT_ASSET_PATHS = "\"FlyMeTo/iOS/Preview Content\"";
				DEVELOPMENT_TEAM = 4VYX3TZ9R9;
				ENABLE_PREVIEWS = YES;
				GENERATE_INFOPLIST_FILE = YES;
				INFOPLIST_KEY_UIApplicationSceneManifest_Generation = YES;
				INFOPLIST_KEY_UIApplicationSupportsIndirectInputEvents = YES;
				INFOPLIST_KEY_UILaunchScreen_Generation = YES;
				INFOPLIST_KEY_UISupportedInterfaceOrientations_iPad = "UIInterfaceOrientationPortrait UIInterfaceOrientationPortraitUpsideDown UIInterfaceOrientationLandscapeLeft UIInterfaceOrientationLandscapeRight";
				INFOPLIST_KEY_UISupportedInterfaceOrientations_iPhone = "UIInterfaceOrientationPortrait UIInterfaceOrientationLandscapeLeft UIInterfaceOrientationLandscapeRight";
				LD_RUNPATH_SEARCH_PATHS = (
					"$(inherited)",
					"@executable_path/Frameworks",
				);
				MARKETING_VERSION = 1.0;
				PRODUCT_BUNDLE_IDENTIFIER = com.kutaydemireren.FlyMeTo;
				PRODUCT_NAME = "$(TARGET_NAME)";
				SWIFT_EMIT_LOC_STRINGS = YES;
				SWIFT_VERSION = 5.0;
				TARGETED_DEVICE_FAMILY = "1,2";
			};
			name = Release;
		};
		CAB0EAF52BDD80FD00FD0367 /* Debug */ = {
			isa = XCBuildConfiguration;
			buildSettings = {
				ALWAYS_EMBED_SWIFT_STANDARD_LIBRARIES = YES;
				BUNDLE_LOADER = "$(TEST_HOST)";
				CLANG_ENABLE_MODULES = YES;
				CODE_SIGN_STYLE = Automatic;
				CURRENT_PROJECT_VERSION = 1;
				DEVELOPMENT_TEAM = 4VYX3TZ9R9;
				GENERATE_INFOPLIST_FILE = YES;
				IPHONEOS_DEPLOYMENT_TARGET = 17.0;
				MARKETING_VERSION = 1.0;
				PRODUCT_BUNDLE_IDENTIFIER = com.kutaydemireren.FlyMeToTests;
				PRODUCT_NAME = "$(TARGET_NAME)";
				SWIFT_EMIT_LOC_STRINGS = NO;
				SWIFT_OBJC_BRIDGING_HEADER = "FlyMeToTests/FlyMeToTests-Bridging-Header.h";
				SWIFT_OPTIMIZATION_LEVEL = "-Onone";
				SWIFT_VERSION = 5.0;
				TARGETED_DEVICE_FAMILY = "1,2";
				TEST_HOST = "$(BUILT_PRODUCTS_DIR)/FlyMeTo.app/$(BUNDLE_EXECUTABLE_FOLDER_PATH)/FlyMeTo";
			};
			name = Debug;
		};
		CAB0EAF62BDD80FD00FD0367 /* Release */ = {
			isa = XCBuildConfiguration;
			buildSettings = {
				ALWAYS_EMBED_SWIFT_STANDARD_LIBRARIES = YES;
				BUNDLE_LOADER = "$(TEST_HOST)";
				CLANG_ENABLE_MODULES = YES;
				CODE_SIGN_STYLE = Automatic;
				CURRENT_PROJECT_VERSION = 1;
				DEVELOPMENT_TEAM = 4VYX3TZ9R9;
				GENERATE_INFOPLIST_FILE = YES;
				IPHONEOS_DEPLOYMENT_TARGET = 17.0;
				MARKETING_VERSION = 1.0;
				PRODUCT_BUNDLE_IDENTIFIER = com.kutaydemireren.FlyMeToTests;
				PRODUCT_NAME = "$(TARGET_NAME)";
				SWIFT_EMIT_LOC_STRINGS = NO;
				SWIFT_OBJC_BRIDGING_HEADER = "FlyMeToTests/FlyMeToTests-Bridging-Header.h";
				SWIFT_VERSION = 5.0;
				TARGETED_DEVICE_FAMILY = "1,2";
				TEST_HOST = "$(BUILT_PRODUCTS_DIR)/FlyMeTo.app/$(BUNDLE_EXECUTABLE_FOLDER_PATH)/FlyMeTo";
			};
			name = Release;
		};
/* End XCBuildConfiguration section */

/* Begin XCConfigurationList section */
		CAB0EAC82BDD80FA00FD0367 /* Build configuration list for PBXProject "FlyMeTo" */ = {
			isa = XCConfigurationList;
			buildConfigurations = (
				CAB0EAEF2BDD80FD00FD0367 /* Debug */,
				CAB0EAF02BDD80FD00FD0367 /* Release */,
			);
			defaultConfigurationIsVisible = 0;
			defaultConfigurationName = Release;
		};
		CAB0EAF12BDD80FD00FD0367 /* Build configuration list for PBXNativeTarget "FlyMeTo" */ = {
			isa = XCConfigurationList;
			buildConfigurations = (
				CAB0EAF22BDD80FD00FD0367 /* Debug */,
				CAB0EAF32BDD80FD00FD0367 /* Release */,
			);
			defaultConfigurationIsVisible = 0;
			defaultConfigurationName = Release;
		};
		CAB0EAF42BDD80FD00FD0367 /* Build configuration list for PBXNativeTarget "FlyMeToTests" */ = {
			isa = XCConfigurationList;
			buildConfigurations = (
				CAB0EAF52BDD80FD00FD0367 /* Debug */,
				CAB0EAF62BDD80FD00FD0367 /* Release */,
			);
			defaultConfigurationIsVisible = 0;
			defaultConfigurationName = Release;
		};
/* End XCConfigurationList section */
	};
	rootObject = CAB0EAC52BDD80FA00FD0367 /* Project object */;
}
